
Microsoft Visual Studio Solution File, Format Version 12.00
# Visual Studio Version 17
VisualStudioVersion = 17.2.32526.322
MinimumVisualStudioVersion = 10.0.40219.1
Project("{9A19103F-16F7-4668-BE54-9A1E7A4F7556}") = "NotificationsBE", "NotificationsBE.csproj", "{654325F4-AF17-4762-8AB3-EA7DFD16DFF3}"
EndProject
Global
	GlobalSection(SolutionConfigurationPlatforms) = preSolution
		Debug|Any CPU = Debug|Any CPU
		Release|Any CPU = Release|Any CPU
	EndGlobalSection
	GlobalSection(ProjectConfigurationPlatforms) = postSolution
		{654325F4-AF17-4762-8AB3-EA7DFD16DFF3}.Debug|Any CPU.ActiveCfg = Debug|Any CPU
		{654325F4-AF17-4762-8AB3-EA7DFD16DFF3}.Debug|Any CPU.Build.0 = Debug|Any CPU
		{654325F4-AF17-4762-8AB3-EA7DFD16DFF3}.Release|Any CPU.ActiveCfg = Release|Any CPU
		{654325F4-AF17-4762-8AB3-EA7DFD16DFF3}.Release|Any CPU.Build.0 = Release|Any CPU
	EndGlobalSection
	GlobalSection(SolutionProperties) = preSolution
		HideSolutionNode = FALSE
	EndGlobalSection
	GlobalSection(ExtensibilityGlobals) = postSolution
		SolutionGuid = {B9FCE0DC-4909-4A9E-998A-2F508363D054}
	EndGlobalSection
EndGlobal
